
Microsoft Visual Studio Solution File, Format Version 12.00
# Visual Studio 15
VisualStudioVersion = 15.0.27004.2005
MinimumVisualStudioVersion = 10.0.40219.1
Project("{FAE04EC0-301F-11D3-BF4B-00C04F79EFBC}") = "T2Tools", "T2Tools\T2Tools.csproj", "{626227C7-7695-4B79-9CB8-B72BA83A962B}"
EndProject
Project("{FAE04EC0-301F-11D3-BF4B-00C04F79EFBC}") = "Audiolib", "..\..\StudioHost\Audiolib\Audiolib.csproj", "{0D863BE6-B19C-4C6E-B024-40667FB16CE4}"
EndProject
Project("{FAE04EC0-301F-11D3-BF4B-00C04F79EFBC}") = "TFXTool", "TFXTool\TFXTool.csproj", "{1ED3A2D1-086B-4C4C-95AD-C58FF08D1024}"
EndProject
Global
	GlobalSection(SolutionConfigurationPlatforms) = preSolution
		Debug|Any CPU = Debug|Any CPU
		Release|Any CPU = Release|Any CPU
	EndGlobalSection
	GlobalSection(ProjectConfigurationPlatforms) = postSolution
		{626227C7-7695-4B79-9CB8-B72BA83A962B}.Debug|Any CPU.ActiveCfg = Debug|Any CPU
		{626227C7-7695-4B79-9CB8-B72BA83A962B}.Debug|Any CPU.Build.0 = Debug|Any CPU
		{626227C7-7695-4B79-9CB8-B72BA83A962B}.Release|Any CPU.ActiveCfg = Release|Any CPU
		{626227C7-7695-4B79-9CB8-B72BA83A962B}.Release|Any CPU.Build.0 = Release|Any CPU
		{0D863BE6-B19C-4C6E-B024-40667FB16CE4}.Debug|Any CPU.ActiveCfg = Debug|Any CPU
		{0D863BE6-B19C-4C6E-B024-40667FB16CE4}.Debug|Any CPU.Build.0 = Debug|Any CPU
		{0D863BE6-B19C-4C6E-B024-40667FB16CE4}.Release|Any CPU.ActiveCfg = Release|Any CPU
		{0D863BE6-B19C-4C6E-B024-40667FB16CE4}.Release|Any CPU.Build.0 = Release|Any CPU
		{1ED3A2D1-086B-4C4C-95AD-C58FF08D1024}.Debug|Any CPU.ActiveCfg = Debug|Any CPU
		{1ED3A2D1-086B-4C4C-95AD-C58FF08D1024}.Debug|Any CPU.Build.0 = Debug|Any CPU
		{1ED3A2D1-086B-4C4C-95AD-C58FF08D1024}.Release|Any CPU.ActiveCfg = Release|Any CPU
		{1ED3A2D1-086B-4C4C-95AD-C58FF08D1024}.Release|Any CPU.Build.0 = Release|Any CPU
	EndGlobalSection
	GlobalSection(SolutionProperties) = preSolution
		HideSolutionNode = FALSE
	EndGlobalSection
	GlobalSection(ExtensibilityGlobals) = postSolution
		SolutionGuid = {6CA23019-10A3-4DE3-BE8E-6A8C024B6819}
	EndGlobalSection
EndGlobal
